
Microsoft Visual Studio Solution File, Format Version 12.00
# Visual Studio Version 17
VisualStudioVersion = 17.3.32901.215
MinimumVisualStudioVersion = 10.0.40219.1
Project("{FAE04EC0-301F-11D3-BF4B-00C04F79EFBC}") = "Librerie_STRINGHE", "Librerie_STRINGHE\Librerie_STRINGHE.csproj", "{79A8DFE9-22BE-477C-8457-1B73F461FD15}"
EndProject
Global
	GlobalSection(SolutionConfigurationPlatforms) = preSolution
		Debug|Any CPU = Debug|Any CPU
		Release|Any CPU = Release|Any CPU
	EndGlobalSection
	GlobalSection(ProjectConfigurationPlatforms) = postSolution
		{79A8DFE9-22BE-477C-8457-1B73F461FD15}.Debug|Any CPU.ActiveCfg = Debug|Any CPU
		{79A8DFE9-22BE-477C-8457-1B73F461FD15}.Debug|Any CPU.Build.0 = Debug|Any CPU
		{79A8DFE9-22BE-477C-8457-1B73F461FD15}.Release|Any CPU.ActiveCfg = Release|Any CPU
		{79A8DFE9-22BE-477C-8457-1B73F461FD15}.Release|Any CPU.Build.0 = Release|Any CPU
	EndGlobalSection
	GlobalSection(SolutionProperties) = preSolution
		HideSolutionNode = FALSE
	EndGlobalSection
	GlobalSection(ExtensibilityGlobals) = postSolution
		SolutionGuid = {6E1ABD01-522B-4324-A5AE-FFDBE3835F40}
	EndGlobalSection
EndGlobal
